// !$*UTF8*$!
{
	archiveVersion = 1;
	classes = {
	};
	objectVersion = 56;
	objects = {

/* Begin PBXFileReference section */
		D2E430632B02DC4F00E2C80B /* KSNetworking.004.jpeg */ = {isa = PBXFileReference; lastKnownFileType = image.jpeg; path = KSNetworking.004.jpeg; sourceTree = "<group>"; };
		D2E430642B02DC4F00E2C80B /* makefile */ = {isa = PBXFileReference; fileEncoding = 4; lastKnownFileType = sourcecode.make; path = makefile; sourceTree = "<group>"; };
		D2E430662B02DC4F00E2C80B /* Defines.h */ = {isa = PBXFileReference; fileEncoding = 4; lastKnownFileType = sourcecode.c.h; path = Defines.h; sourceTree = "<group>"; };
		D2E430672B02DC4F00E2C80B /* IOT_Backend.png */ = {isa = PBXFileReference; lastKnownFileType = image.png; path = IOT_Backend.png; sourceTree = "<group>"; };
		D2E430682B02DC4F00E2C80B /* IOT_MQTT_Namespace.png */ = {isa = PBXFileReference; lastKnownFileType = image.png; path = IOT_MQTT_Namespace.png; sourceTree = "<group>"; };
		D2E430692B02DC4F00E2C80B /* ESP_IOT_Modules.png */ = {isa = PBXFileReference; lastKnownFileType = image.png; path = ESP_IOT_Modules.png; sourceTree = "<group>"; };
		D2E4306C2B02DC5900E2C80B /* ATOMQRButtons.cpp */ = {isa = PBXFileReference; fileEncoding = 4; lastKnownFileType = sourcecode.cpp.cpp; path = ATOMQRButtons.cpp; sourceTree = "<group>"; };
		D2E4306D2B02DC5900E2C80B /* ATOMQR_UART_CMD.cpp */ = {isa = PBXFileReference; fileEncoding = 4; lastKnownFileType = sourcecode.cpp.cpp; path = ATOMQR_UART_CMD.cpp; sourceTree = "<group>"; };
		D2E4306E2B02DC5900E2C80B /* ATOMQRButtons.h */ = {isa = PBXFileReference; fileEncoding = 4; lastKnownFileType = sourcecode.c.h; path = ATOMQRButtons.h; sourceTree = "<group>"; };
		D2E4306F2B02DC5900E2C80B /* ATOMQRCodeModule.h */ = {isa = PBXFileReference; fileEncoding = 4; lastKnownFileType = sourcecode.c.h; path = ATOMQRCodeModule.h; sourceTree = "<group>"; };
		D2E430702B02DC5900E2C80B /* ATOMQRCodeModule.cpp */ = {isa = PBXFileReference; fileEncoding = 4; lastKnownFileType = sourcecode.cpp.cpp; path = ATOMQRCodeModule.cpp; sourceTree = "<group>"; };
		D2E430712B02DC5900E2C80B /* ATOMQR_UART_CMD.h */ = {isa = PBXFileReference; fileEncoding = 4; lastKnownFileType = sourcecode.c.h; path = ATOMQR_UART_CMD.h; sourceTree = "<group>"; };
		D2E430732B02DC5900E2C80B /* RequestHandler.h */ = {isa = PBXFileReference; fileEncoding = 4; lastKnownFileType = sourcecode.c.h; path = RequestHandler.h; sourceTree = "<group>"; };
		D2E430742B02DC5900E2C80B /* WebServer.h */ = {isa = PBXFileReference; fileEncoding = 4; lastKnownFileType = sourcecode.c.h; path = WebServer.h; sourceTree = "<group>"; };
		D2E430752B02DC5900E2C80B /* Parsing.cpp */ = {isa = PBXFileReference; fileEncoding = 4; lastKnownFileType = sourcecode.cpp.cpp; path = Parsing.cpp; sourceTree = "<group>"; };
		D2E430762B02DC5900E2C80B /* idogwatch.base64 */ = {isa = PBXFileReference; fileEncoding = 4; lastKnownFileType = text; path = idogwatch.base64; sourceTree = "<group>"; };
		D2E430772B02DC5900E2C80B /* WebServer.cpp */ = {isa = PBXFileReference; fileEncoding = 4; lastKnownFileType = sourcecode.cpp.cpp; path = WebServer.cpp; sourceTree = "<group>"; };
		D2E430782B02DC5900E2C80B /* README.md */ = {isa = PBXFileReference; fileEncoding = 4; lastKnownFileType = net.daringfireball.markdown; path = README.md; sourceTree = "<group>"; };
		D2E430792B02DC5900E2C80B /* RequestHandlersImpl.h */ = {isa = PBXFileReference; fileEncoding = 4; lastKnownFileType = sourcecode.c.h; path = RequestHandlersImpl.h; sourceTree = "<group>"; };
		D2E4307A2B02DC5900E2C80B /* WIFI_APModule.h */ = {isa = PBXFileReference; fileEncoding = 4; lastKnownFileType = sourcecode.c.h; path = WIFI_APModule.h; sourceTree = "<group>"; };
		D2E4307B2B02DC5900E2C80B /* pettutor.base64 */ = {isa = PBXFileReference; fileEncoding = 4; lastKnownFileType = text; path = pettutor.base64; sourceTree = "<group>"; };
		D2E4307C2B02DC5900E2C80B /* brand.base64 */ = {isa = PBXFileReference; fileEncoding = 4; lastKnownFileType = text; path = brand.base64; sourceTree = "<group>"; };
		D2E4307D2B02DC5900E2C80B /* WIFI_APModule.cpp */ = {isa = PBXFileReference; fileEncoding = 4; lastKnownFileType = sourcecode.cpp.cpp; path = WIFI_APModule.cpp; sourceTree = "<group>"; };
		D2E4307E2B02DC5900E2C80B /* IMG_3936.PNG */ = {isa = PBXFileReference; lastKnownFileType = image.png; path = IMG_3936.PNG; sourceTree = "<group>"; };
		D2E430812B02DC5900E2C80B /* BLEServerNetworking.cpp */ = {isa = PBXFileReference; fileEncoding = 4; lastKnownFileType = sourcecode.cpp.cpp; path = BLEServerNetworking.cpp; sourceTree = "<group>"; };
		D2E430822B02DC5900E2C80B /* BLEServerNetworking.h */ = {isa = PBXFileReference; fileEncoding = 4; lastKnownFileType = sourcecode.c.h; path = BLEServerNetworking.h; sourceTree = "<group>"; };
		D2E4308D2B02DC5900E2C80B /* iDogWatch.png */ = {isa = PBXFileReference; lastKnownFileType = image.png; path = iDogWatch.png; sourceTree = "<group>"; };
		D2E4308F2B02DC5900E2C80B /* GreyGooseSM.png */ = {isa = PBXFileReference; lastKnownFileType = image.png; path = GreyGooseSM.png; sourceTree = "<group>"; };
		D2E430902B02DC5900E2C80B /* IMG_4616.PNG */ = {isa = PBXFileReference; lastKnownFileType = image.png; path = IMG_4616.PNG; sourceTree = "<group>"; };
		D2E430912B02DC5900E2C80B /* DisplayModule.h */ = {isa = PBXFileReference; fileEncoding = 4; lastKnownFileType = sourcecode.c.h; path = DisplayModule.h; sourceTree = "<group>"; };
		D2E430922B02DC5900E2C80B /* README.md */ = {isa = PBXFileReference; fileEncoding = 4; lastKnownFileType = net.daringfireball.markdown; path = README.md; sourceTree = "<group>"; };
		D2E430932B02DC5900E2C80B /* DisplayModule.cpp */ = {isa = PBXFileReference; fileEncoding = 4; lastKnownFileType = sourcecode.cpp.cpp; path = DisplayModule.cpp; sourceTree = "<group>"; };
		D2E430942B02DC5900E2C80B /* IMG_3274.PNG */ = {isa = PBXFileReference; lastKnownFileType = image.png; path = IMG_3274.PNG; sourceTree = "<group>"; };
		D2E430952B02DC5900E2C80B /* SMStatus1.PNG */ = {isa = PBXFileReference; lastKnownFileType = image.png; path = SMStatus1.PNG; sourceTree = "<group>"; };
		D2E430962B02DC5900E2C80B /* SMStatus2.PNG */ = {isa = PBXFileReference; lastKnownFileType = image.png; path = SMStatus2.PNG; sourceTree = "<group>"; };
		D2E430982B02DC5900E2C80B /* SMARTButton.cpp */ = {isa = PBXFileReference; fileEncoding = 4; lastKnownFileType = sourcecode.cpp.cpp; path = SMARTButton.cpp; sourceTree = "<group>"; };
		D2E430992B02DC5900E2C80B /* OTAImageUpdate.h */ = {isa = PBXFileReference; fileEncoding = 4; lastKnownFileType = sourcecode.c.h; path = OTAImageUpdate.h; sourceTree = "<group>"; };
		D2E4309A2B02DC5900E2C80B /* SMARTButton.h */ = {isa = PBXFileReference; fileEncoding = 4; lastKnownFileType = sourcecode.c.h; path = SMARTButton.h; sourceTree = "<group>"; };
		D2E4309B2B02DC5900E2C80B /* MQTTNetworking.cpp */ = {isa = PBXFileReference; fileEncoding = 4; lastKnownFileType = sourcecode.cpp.cpp; path = MQTTNetworking.cpp; sourceTree = "<group>"; };
		D2E4309C2B02DC5900E2C80B /* OTAImageUpdate.cpp */ = {isa = PBXFileReference; fileEncoding = 4; lastKnownFileType = sourcecode.cpp.cpp; path = OTAImageUpdate.cpp; sourceTree = "<group>"; };
		D2E4309D2B02DC5900E2C80B /* MQTTNetworking.h */ = {isa = PBXFileReference; fileEncoding = 4; lastKnownFileType = sourcecode.c.h; path = MQTTNetworking.h; sourceTree = "<group>"; };
		D2E4309F2B02DC5900E2C80B /* BLEClientNetworking.h */ = {isa = PBXFileReference; fileEncoding = 4; lastKnownFileType = sourcecode.c.h; path = BLEClientNetworking.h; sourceTree = "<group>"; };
		D2E430A02B02DC5900E2C80B /* BLEClientNetworking.cpp */ = {isa = PBXFileReference; fileEncoding = 4; lastKnownFileType = sourcecode.cpp.cpp; path = BLEClientNetworking.cpp; sourceTree = "<group>"; };
		D2E430A32B02DC5900E2C80B /* ButtonModule.h */ = {isa = PBXFileReference; fileEncoding = 4; lastKnownFileType = sourcecode.c.h; path = ButtonModule.h; sourceTree = "<group>"; };
		D2E430A42B02DC5900E2C80B /* ButtonProcessing.h */ = {isa = PBXFileReference; fileEncoding = 4; lastKnownFileType = sourcecode.c.h; path = ButtonProcessing.h; sourceTree = "<group>"; };
		D2E430A52B02DC5900E2C80B /* ButtonProcessing.cpp */ = {isa = PBXFileReference; fileEncoding = 4; lastKnownFileType = sourcecode.cpp.cpp; path = ButtonProcessing.cpp; sourceTree = "<group>"; };
		D2E430A62B02DC5900E2C80B /* ButtonModule.cpp */ = {isa = PBXFileReference; fileEncoding = 4; lastKnownFileType = sourcecode.cpp.cpp; path = ButtonModule.cpp; sourceTree = "<group>"; };
		D2E430A82B02DC5900E2C80B /* CameraModule.h */ = {isa = PBXFileReference; fileEncoding = 4; lastKnownFileType = sourcecode.c.h; path = CameraModule.h; sourceTree = "<group>"; };
		D2E430A92B02DC5900E2C80B /* CameraModule.cpp */ = {isa = PBXFileReference; fileEncoding = 4; lastKnownFileType = sourcecode.cpp.cpp; path = CameraModule.cpp; sourceTree = "<group>"; };
		D2E430AB2B02DC5900E2C80B /* PreferencesController.cpp */ = {isa = PBXFileReference; fileEncoding = 4; lastKnownFileType = sourcecode.cpp.cpp; path = PreferencesController.cpp; sourceTree = "<group>"; };
		D2E430AC2B02DC5900E2C80B /* ModelController.h */ = {isa = PBXFileReference; fileEncoding = 4; lastKnownFileType = sourcecode.c.h; path = ModelController.h; sourceTree = "<group>"; };
		D2E430AD2B02DC5900E2C80B /* SPIFFModule.cpp */ = {isa = PBXFileReference; fileEncoding = 4; lastKnownFileType = sourcecode.cpp.cpp; path = SPIFFModule.cpp; sourceTree = "<group>"; };
		D2E430AE2B02DC5900E2C80B /* TokenParser.cpp */ = {isa = PBXFileReference; fileEncoding = 4; lastKnownFileType = sourcecode.cpp.cpp; path = TokenParser.cpp; sourceTree = "<group>"; };
		D2E430AF2B02DC5900E2C80B /* TokenParser.h */ = {isa = PBXFileReference; fileEncoding = 4; lastKnownFileType = sourcecode.c.h; path = TokenParser.h; sourceTree = "<group>"; };
		D2E430B02B02DC5900E2C80B /* README */ = {isa = PBXFileReference; fileEncoding = 4; lastKnownFileType = text; path = README; sourceTree = "<group>"; };
		D2E430B12B02DC5900E2C80B /* MainModule.cpp */ = {isa = PBXFileReference; fileEncoding = 4; lastKnownFileType = sourcecode.cpp.cpp; path = MainModule.cpp; sourceTree = "<group>"; };
		D2E430B22B02DC5900E2C80B /* MainModule.h */ = {isa = PBXFileReference; fileEncoding = 4; lastKnownFileType = sourcecode.c.h; path = MainModule.h; sourceTree = "<group>"; };
		D2E430B32B02DC5900E2C80B /* SPIFFModule.h */ = {isa = PBXFileReference; fileEncoding = 4; lastKnownFileType = sourcecode.c.h; path = SPIFFModule.h; sourceTree = "<group>"; };
		D2E430B42B02DC5900E2C80B /* ModelController.cpp */ = {isa = PBXFileReference; fileEncoding = 4; lastKnownFileType = sourcecode.cpp.cpp; path = ModelController.cpp; sourceTree = "<group>"; };
		D2E430B52B02DC5900E2C80B /* PreferencesController.h */ = {isa = PBXFileReference; fileEncoding = 4; lastKnownFileType = sourcecode.c.h; path = PreferencesController.h; sourceTree = "<group>"; };
		D2E430B72B02DC5900E2C80B /* AudioModule.cpp */ = {isa = PBXFileReference; fileEncoding = 4; lastKnownFileType = sourcecode.cpp.cpp; path = AudioModule.cpp; sourceTree = "<group>"; };
		D2E430B82B02DC5900E2C80B /* AudioModule.h */ = {isa = PBXFileReference; fileEncoding = 4; lastKnownFileType = sourcecode.c.h; path = AudioModule.h; sourceTree = "<group>"; };
		D2E430C32B02DC8400E2C80B /* README.md */ = {isa = PBXFileReference; fileEncoding = 4; lastKnownFileType = net.daringfireball.markdown; path = README.md; sourceTree = "<group>"; };
		D2E430C42B02DD8000E2C80B /* SemanticMarkerESP-32.ino */ = {isa = PBXFileReference; fileEncoding = 4; lastKnownFileType = text; path = "SemanticMarkerESP-32.ino"; sourceTree = "<group>"; };
		D2E430C62B02E00100E2C80B /* GreyGoose.jpg */ = {isa = PBXFileReference; lastKnownFileType = image.jpeg; path = GreyGoose.jpg; sourceTree = "<group>"; };
/* End PBXFileReference section */

/* Begin PBXGroup section */
		D2E430582B02DB7F00E2C80B = {
			isa = PBXGroup;
			children = (
				D2E430C42B02DD8000E2C80B /* SemanticMarkerESP-32.ino */,
				D2E430C32B02DC8400E2C80B /* README.md */,
				D2E430C62B02E00100E2C80B /* GreyGoose.jpg */,
				D2E4306A2B02DC5900E2C80B /* src */,
				D2E430662B02DC4F00E2C80B /* Defines.h */,
				D2E430692B02DC4F00E2C80B /* ESP_IOT_Modules.png */,
				D2E430672B02DC4F00E2C80B /* IOT_Backend.png */,
				D2E430682B02DC4F00E2C80B /* IOT_MQTT_Namespace.png */,
				D2E430632B02DC4F00E2C80B /* KSNetworking.004.jpeg */,
				D2E430642B02DC4F00E2C80B /* makefile */,
			);
			sourceTree = "<group>";
		};
		D2E4306A2B02DC5900E2C80B /* src */ = {
			isa = PBXGroup;
			children = (
				D2E4306B2B02DC5900E2C80B /* ATOM_QRCode_Module */,
				D2E430722B02DC5900E2C80B /* WIFI_APModule */,
				D2E430802B02DC5900E2C80B /* BLEServerModule */,
				D2E4308D2B02DC5900E2C80B /* iDogWatch.png */,
				D2E4308E2B02DC5900E2C80B /* DisplayModule */,
				D2E430972B02DC5900E2C80B /* MQTTModule */,
				D2E4309E2B02DC5900E2C80B /* BLEClientModule */,
				D2E430A22B02DC5900E2C80B /* ButtonModule */,
				D2E430A72B02DC5900E2C80B /* CameraModule */,
				D2E430AA2B02DC5900E2C80B /* MainModule */,
				D2E430B62B02DC5900E2C80B /* AudioModule */,
			);
			path = src;
			sourceTree = "<group>";
		};
		D2E4306B2B02DC5900E2C80B /* ATOM_QRCode_Module */ = {
			isa = PBXGroup;
			children = (
				D2E4306C2B02DC5900E2C80B /* ATOMQRButtons.cpp */,
				D2E4306D2B02DC5900E2C80B /* ATOMQR_UART_CMD.cpp */,
				D2E4306E2B02DC5900E2C80B /* ATOMQRButtons.h */,
				D2E4306F2B02DC5900E2C80B /* ATOMQRCodeModule.h */,
				D2E430702B02DC5900E2C80B /* ATOMQRCodeModule.cpp */,
				D2E430712B02DC5900E2C80B /* ATOMQR_UART_CMD.h */,
			);
			path = ATOM_QRCode_Module;
			sourceTree = "<group>";
		};
		D2E430722B02DC5900E2C80B /* WIFI_APModule */ = {
			isa = PBXGroup;
			children = (
				D2E430732B02DC5900E2C80B /* RequestHandler.h */,
				D2E430742B02DC5900E2C80B /* WebServer.h */,
				D2E430752B02DC5900E2C80B /* Parsing.cpp */,
				D2E430762B02DC5900E2C80B /* idogwatch.base64 */,
				D2E430772B02DC5900E2C80B /* WebServer.cpp */,
				D2E430782B02DC5900E2C80B /* README.md */,
				D2E430792B02DC5900E2C80B /* RequestHandlersImpl.h */,
				D2E4307A2B02DC5900E2C80B /* WIFI_APModule.h */,
				D2E4307B2B02DC5900E2C80B /* pettutor.base64 */,
				D2E4307C2B02DC5900E2C80B /* brand.base64 */,
				D2E4307D2B02DC5900E2C80B /* WIFI_APModule.cpp */,
				D2E4307E2B02DC5900E2C80B /* IMG_3936.PNG */,
			);
			path = WIFI_APModule;
			sourceTree = "<group>";
		};
		D2E430802B02DC5900E2C80B /* BLEServerModule */ = {
			isa = PBXGroup;
			children = (
				D2E430812B02DC5900E2C80B /* BLEServerNetworking.cpp */,
				D2E430822B02DC5900E2C80B /* BLEServerNetworking.h */,
			);
			path = BLEServerModule;
			sourceTree = "<group>";
		};
		D2E4308E2B02DC5900E2C80B /* DisplayModule */ = {
			isa = PBXGroup;
			children = (
				D2E4308F2B02DC5900E2C80B /* GreyGooseSM.png */,
				D2E430902B02DC5900E2C80B /* IMG_4616.PNG */,
				D2E430912B02DC5900E2C80B /* DisplayModule.h */,
				D2E430922B02DC5900E2C80B /* README.md */,
				D2E430932B02DC5900E2C80B /* DisplayModule.cpp */,
				D2E430942B02DC5900E2C80B /* IMG_3274.PNG */,
				D2E430952B02DC5900E2C80B /* SMStatus1.PNG */,
				D2E430962B02DC5900E2C80B /* SMStatus2.PNG */,
			);
			path = DisplayModule;
			sourceTree = "<group>";
		};
		D2E430972B02DC5900E2C80B /* MQTTModule */ = {
			isa = PBXGroup;
			children = (
				D2E430982B02DC5900E2C80B /* SMARTButton.cpp */,
				D2E430992B02DC5900E2C80B /* OTAImageUpdate.h */,
				D2E4309A2B02DC5900E2C80B /* SMARTButton.h */,
				D2E4309B2B02DC5900E2C80B /* MQTTNetworking.cpp */,
				D2E4309C2B02DC5900E2C80B /* OTAImageUpdate.cpp */,
				D2E4309D2B02DC5900E2C80B /* MQTTNetworking.h */,
			);
			path = MQTTModule;
			sourceTree = "<group>";
		};
		D2E4309E2B02DC5900E2C80B /* BLEClientModule */ = {
			isa = PBXGroup;
			children = (
				D2E4309F2B02DC5900E2C80B /* BLEClientNetworking.h */,
				D2E430A02B02DC5900E2C80B /* BLEClientNetworking.cpp */,
			);
			path = BLEClientModule;
			sourceTree = "<group>";
		};
		D2E430A22B02DC5900E2C80B /* ButtonModule */ = {
			isa = PBXGroup;
			children = (
				D2E430A32B02DC5900E2C80B /* ButtonModule.h */,
				D2E430A42B02DC5900E2C80B /* ButtonProcessing.h */,
				D2E430A52B02DC5900E2C80B /* ButtonProcessing.cpp */,
				D2E430A62B02DC5900E2C80B /* ButtonModule.cpp */,
			);
			path = ButtonModule;
			sourceTree = "<group>";
		};
		D2E430A72B02DC5900E2C80B /* CameraModule */ = {
			isa = PBXGroup;
			children = (
				D2E430A82B02DC5900E2C80B /* CameraModule.h */,
				D2E430A92B02DC5900E2C80B /* CameraModule.cpp */,
			);
			path = CameraModule;
			sourceTree = "<group>";
		};
		D2E430AA2B02DC5900E2C80B /* MainModule */ = {
			isa = PBXGroup;
			children = (
				D2E430AB2B02DC5900E2C80B /* PreferencesController.cpp */,
				D2E430AC2B02DC5900E2C80B /* ModelController.h */,
				D2E430AD2B02DC5900E2C80B /* SPIFFModule.cpp */,
				D2E430AE2B02DC5900E2C80B /* TokenParser.cpp */,
				D2E430AF2B02DC5900E2C80B /* TokenParser.h */,
				D2E430B02B02DC5900E2C80B /* README */,
				D2E430B12B02DC5900E2C80B /* MainModule.cpp */,
				D2E430B22B02DC5900E2C80B /* MainModule.h */,
				D2E430B32B02DC5900E2C80B /* SPIFFModule.h */,
				D2E430B42B02DC5900E2C80B /* ModelController.cpp */,
				D2E430B52B02DC5900E2C80B /* PreferencesController.h */,
			);
			path = MainModule;
			sourceTree = "<group>";
		};
		D2E430B62B02DC5900E2C80B /* AudioModule */ = {
			isa = PBXGroup;
			children = (
				D2E430B72B02DC5900E2C80B /* AudioModule.cpp */,
				D2E430B82B02DC5900E2C80B /* AudioModule.h */,
			);
			path = AudioModule;
			sourceTree = "<group>";
		};
/* End PBXGroup section */

/* Begin PBXLegacyTarget section */
		D2E4305D2B02DB7F00E2C80B /* SemanticMarkerESP-32 */ = {
			isa = PBXLegacyTarget;
			buildArgumentsString = "$(ACTION)";
			buildConfigurationList = D2E430602B02DB7F00E2C80B /* Build configuration list for PBXLegacyTarget "SemanticMarkerESP-32" */;
			buildPhases = (
			);
			buildToolPath = /usr/bin/make;
			dependencies = (
			);
			name = "SemanticMarkerESP-32";
			passBuildSettingsInEnvironment = 1;
			productName = "SemanticMarkerESP-32";
		};
/* End PBXLegacyTarget section */

/* Begin PBXProject section */
		D2E430592B02DB7F00E2C80B /* Project object */ = {
			isa = PBXProject;
			attributes = {
				BuildIndependentTargetsInParallel = 1;
				LastUpgradeCheck = 1500;
				TargetAttributes = {
					D2E4305D2B02DB7F00E2C80B = {
						CreatedOnToolsVersion = 15.0;
					};
				};
			};
			buildConfigurationList = D2E4305C2B02DB7F00E2C80B /* Build configuration list for PBXProject "SemanticMarkerESP-32" */;
			compatibilityVersion = "Xcode 14.0";
			developmentRegion = en;
			hasScannedForEncodings = 0;
			knownRegions = (
				en,
				Base,
			);
			mainGroup = D2E430582B02DB7F00E2C80B;
			projectDirPath = "";
			projectRoot = "";
			targets = (
				D2E4305D2B02DB7F00E2C80B /* SemanticMarkerESP-32 */,
			);
		};
/* End PBXProject section */

/* Begin XCBuildConfiguration section */
		D2E4305E2B02DB7F00E2C80B /* Debug */ = {
			isa = XCBuildConfiguration;
			buildSettings = {
				ALWAYS_SEARCH_USER_PATHS = NO;
				ASSETCATALOG_COMPILER_GENERATE_SWIFT_ASSET_SYMBOL_EXTENSIONS = YES;
				CLANG_ANALYZER_NONNULL = YES;
				CLANG_ANALYZER_NUMBER_OBJECT_CONVERSION = YES_AGGRESSIVE;
				CLANG_CXX_LANGUAGE_STANDARD = "gnu++20";
				CLANG_ENABLE_MODULES = YES;
				CLANG_ENABLE_OBJC_ARC = YES;
				CLANG_ENABLE_OBJC_WEAK = YES;
				CLANG_WARN_BLOCK_CAPTURE_AUTORELEASING = YES;
				CLANG_WARN_BOOL_CONVERSION = YES;
				CLANG_WARN_COMMA = YES;
				CLANG_WARN_CONSTANT_CONVERSION = YES;
				CLANG_WARN_DEPRECATED_OBJC_IMPLEMENTATIONS = YES;
				CLANG_WARN_DIRECT_OBJC_ISA_USAGE = YES_ERROR;
				CLANG_WARN_DOCUMENTATION_COMMENTS = YES;
				CLANG_WARN_EMPTY_BODY = YES;
				CLANG_WARN_ENUM_CONVERSION = YES;
				CLANG_WARN_INFINITE_RECURSION = YES;
				CLANG_WARN_INT_CONVERSION = YES;
				CLANG_WARN_NON_LITERAL_NULL_CONVERSION = YES;
				CLANG_WARN_OBJC_IMPLICIT_RETAIN_SELF = YES;
				CLANG_WARN_OBJC_LITERAL_CONVERSION = YES;
				CLANG_WARN_OBJC_ROOT_CLASS = YES_ERROR;
				CLANG_WARN_QUOTED_INCLUDE_IN_FRAMEWORK_HEADER = YES;
				CLANG_WARN_RANGE_LOOP_ANALYSIS = YES;
				CLANG_WARN_STRICT_PROTOTYPES = YES;
				CLANG_WARN_SUSPICIOUS_MOVE = YES;
				CLANG_WARN_UNGUARDED_AVAILABILITY = YES_AGGRESSIVE;
				CLANG_WARN_UNREACHABLE_CODE = YES;
				CLANG_WARN__DUPLICATE_METHOD_MATCH = YES;
				COPY_PHASE_STRIP = NO;
				DEBUG_INFORMATION_FORMAT = dwarf;
				ENABLE_STRICT_OBJC_MSGSEND = YES;
				ENABLE_TESTABILITY = YES;
				ENABLE_USER_SCRIPT_SANDBOXING = YES;
				GCC_C_LANGUAGE_STANDARD = gnu17;
				GCC_DYNAMIC_NO_PIC = NO;
				GCC_NO_COMMON_BLOCKS = YES;
				GCC_OPTIMIZATION_LEVEL = 0;
				GCC_PREPROCESSOR_DEFINITIONS = (
					"DEBUG=1",
					"$(inherited)",
				);
				GCC_WARN_64_TO_32_BIT_CONVERSION = YES;
				GCC_WARN_ABOUT_RETURN_TYPE = YES_ERROR;
				GCC_WARN_UNDECLARED_SELECTOR = YES;
				GCC_WARN_UNINITIALIZED_AUTOS = YES_AGGRESSIVE;
				GCC_WARN_UNUSED_FUNCTION = YES;
				GCC_WARN_UNUSED_VARIABLE = YES;
				LOCALIZATION_PREFERS_STRING_CATALOGS = YES;
				MTL_ENABLE_DEBUG_INFO = INCLUDE_SOURCE;
				MTL_FAST_MATH = YES;
				ONLY_ACTIVE_ARCH = YES;
			};
			name = Debug;
		};
		D2E4305F2B02DB7F00E2C80B /* Release */ = {
			isa = XCBuildConfiguration;
			buildSettings = {
				ALWAYS_SEARCH_USER_PATHS = NO;
				ASSETCATALOG_COMPILER_GENERATE_SWIFT_ASSET_SYMBOL_EXTENSIONS = YES;
				CLANG_ANALYZER_NONNULL = YES;
				CLANG_ANALYZER_NUMBER_OBJECT_CONVERSION = YES_AGGRESSIVE;
				CLANG_CXX_LANGUAGE_STANDARD = "gnu++20";
				CLANG_ENABLE_MODULES = YES;
				CLANG_ENABLE_OBJC_ARC = YES;
				CLANG_ENABLE_OBJC_WEAK = YES;
				CLANG_WARN_BLOCK_CAPTURE_AUTORELEASING = YES;
				CLANG_WARN_BOOL_CONVERSION = YES;
				CLANG_WARN_COMMA = YES;
				CLANG_WARN_CONSTANT_CONVERSION = YES;
				CLANG_WARN_DEPRECATED_OBJC_IMPLEMENTATIONS = YES;
				CLANG_WARN_DIRECT_OBJC_ISA_USAGE = YES_ERROR;
				CLANG_WARN_DOCUMENTATION_COMMENTS = YES;
				CLANG_WARN_EMPTY_BODY = YES;
				CLANG_WARN_ENUM_CONVERSION = YES;
				CLANG_WARN_INFINITE_RECURSION = YES;
				CLANG_WARN_INT_CONVERSION = YES;
				CLANG_WARN_NON_LITERAL_NULL_CONVERSION = YES;
				CLANG_WARN_OBJC_IMPLICIT_RETAIN_SELF = YES;
				CLANG_WARN_OBJC_LITERAL_CONVERSION = YES;
				CLANG_WARN_OBJC_ROOT_CLASS = YES_ERROR;
				CLANG_WARN_QUOTED_INCLUDE_IN_FRAMEWORK_HEADER = YES;
				CLANG_WARN_RANGE_LOOP_ANALYSIS = YES;
				CLANG_WARN_STRICT_PROTOTYPES = YES;
				CLANG_WARN_SUSPICIOUS_MOVE = YES;
				CLANG_WARN_UNGUARDED_AVAILABILITY = YES_AGGRESSIVE;
				CLANG_WARN_UNREACHABLE_CODE = YES;
				CLANG_WARN__DUPLICATE_METHOD_MATCH = YES;
				COPY_PHASE_STRIP = NO;
				DEBUG_INFORMATION_FORMAT = "dwarf-with-dsym";
				ENABLE_NS_ASSERTIONS = NO;
				ENABLE_STRICT_OBJC_MSGSEND = YES;
				ENABLE_USER_SCRIPT_SANDBOXING = YES;
				GCC_C_LANGUAGE_STANDARD = gnu17;
				GCC_NO_COMMON_BLOCKS = YES;
				GCC_WARN_64_TO_32_BIT_CONVERSION = YES;
				GCC_WARN_ABOUT_RETURN_TYPE = YES_ERROR;
				GCC_WARN_UNDECLARED_SELECTOR = YES;
				GCC_WARN_UNINITIALIZED_AUTOS = YES_AGGRESSIVE;
				GCC_WARN_UNUSED_FUNCTION = YES;
				GCC_WARN_UNUSED_VARIABLE = YES;
				LOCALIZATION_PREFERS_STRING_CATALOGS = YES;
				MTL_ENABLE_DEBUG_INFO = NO;
				MTL_FAST_MATH = YES;
			};
			name = Release;
		};
		D2E430612B02DB7F00E2C80B /* Debug */ = {
			isa = XCBuildConfiguration;
			buildSettings = {
				CODE_SIGN_STYLE = Automatic;
				DEBUGGING_SYMBOLS = YES;
				DEBUG_INFORMATION_FORMAT = dwarf;
				DEVELOPMENT_TEAM = HZK48LWF33;
				GCC_GENERATE_DEBUGGING_SYMBOLS = YES;
				GCC_OPTIMIZATION_LEVEL = 0;
				OTHER_CFLAGS = "";
				OTHER_LDFLAGS = "";
				PRODUCT_NAME = "$(TARGET_NAME)";
			};
			name = Debug;
		};
		D2E430622B02DB7F00E2C80B /* Release */ = {
			isa = XCBuildConfiguration;
			buildSettings = {
				CODE_SIGN_STYLE = Automatic;
				DEBUG_INFORMATION_FORMAT = "dwarf-with-dsym";
				DEVELOPMENT_TEAM = HZK48LWF33;
				OTHER_CFLAGS = "";
				OTHER_LDFLAGS = "";
				PRODUCT_NAME = "$(TARGET_NAME)";
			};
			name = Release;
		};
/* End XCBuildConfiguration section */

/* Begin XCConfigurationList section */
		D2E4305C2B02DB7F00E2C80B /* Build configuration list for PBXProject "SemanticMarkerESP-32" */ = {
			isa = XCConfigurationList;
			buildConfigurations = (
				D2E4305E2B02DB7F00E2C80B /* Debug */,
				D2E4305F2B02DB7F00E2C80B /* Release */,
			);
			defaultConfigurationIsVisible = 0;
			defaultConfigurationName = Release;
		};
		D2E430602B02DB7F00E2C80B /* Build configuration list for PBXLegacyTarget "SemanticMarkerESP-32" */ = {
			isa = XCConfigurationList;
			buildConfigurations = (
				D2E430612B02DB7F00E2C80B /* Debug */,
				D2E430622B02DB7F00E2C80B /* Release */,
			);
			defaultConfigurationIsVisible = 0;
			defaultConfigurationName = Release;
		};
/* End XCConfigurationList section */
	};
	rootObject = D2E430592B02DB7F00E2C80B /* Project object */;
}
